
Microsoft Visual Studio Solution File, Format Version 11.00
# Visual Studio 2010
Project("{FAE04EC0-301F-11D3-BF4B-00C04F79EFBC}") = "Ejercicio 13", "Ejercicio 13\Ejercicio 13.csproj", "{4354DF7A-0774-4585-AC0C-9F845292601C}"
EndProject
Global
	GlobalSection(SolutionConfigurationPlatforms) = preSolution
		Debug|x86 = Debug|x86
		Release|x86 = Release|x86
	EndGlobalSection
	GlobalSection(ProjectConfigurationPlatforms) = postSolution
		{4354DF7A-0774-4585-AC0C-9F845292601C}.Debug|x86.ActiveCfg = Debug|x86
		{4354DF7A-0774-4585-AC0C-9F845292601C}.Debug|x86.Build.0 = Debug|x86
		{4354DF7A-0774-4585-AC0C-9F845292601C}.Release|x86.ActiveCfg = Release|x86
		{4354DF7A-0774-4585-AC0C-9F845292601C}.Release|x86.Build.0 = Release|x86
	EndGlobalSection
	GlobalSection(SolutionProperties) = preSolution
		HideSolutionNode = FALSE
	EndGlobalSection
EndGlobal
